// !$*UTF8*$!
{
	archiveVersion = 1;
	classes = {
	};
	objectVersion = 55;
	objects = {

/* Begin PBXBuildFile section */
		D801704528F7663B0086E56A /* LoginViewController.swift in Sources */ = {isa = PBXBuildFile; fileRef = D801704428F7663B0086E56A /* LoginViewController.swift */; };
		D81696972919488300641297 /* AvatarControl.swift in Sources */ = {isa = PBXBuildFile; fileRef = D81696962919488300641297 /* AvatarControl.swift */; };
		D81E6D6B291057C2004FA0C0 /* logo.png in Resources */ = {isa = PBXBuildFile; fileRef = D81E6D6A291057C2004FA0C0 /* logo.png */; };
		D82B426F291F9AFF007F99D3 /* LikeControl.swift in Sources */ = {isa = PBXBuildFile; fileRef = D82B426E291F9AFF007F99D3 /* LikeControl.swift */; };
		D846268A2936B1260060AAA2 /* NewsTableViewCell.swift in Sources */ = {isa = PBXBuildFile; fileRef = D84626882936B1260060AAA2 /* NewsTableViewCell.swift */; };
		D846268B2936B1260060AAA2 /* NewsTableViewCell.xib in Resources */ = {isa = PBXBuildFile; fileRef = D84626892936B1260060AAA2 /* NewsTableViewCell.xib */; };
		D84626932936B8E50060AAA2 /* News.swift in Sources */ = {isa = PBXBuildFile; fileRef = D84626922936B8E50060AAA2 /* News.swift */; };
		D86599B029377252003FFC2E /* NewsViewController.swift in Sources */ = {isa = PBXBuildFile; fileRef = D86599AF29377252003FFC2E /* NewsViewController.swift */; };
		D86EF67A2913EFA8004BA181 /* FriendsViewController.swift in Sources */ = {isa = PBXBuildFile; fileRef = D86EF6792913EFA8004BA181 /* FriendsViewController.swift */; };
		D86EF67E2913F654004BA181 /* Friend.swift in Sources */ = {isa = PBXBuildFile; fileRef = D86EF67D2913F654004BA181 /* Friend.swift */; };
		D86EF68229140BB1004BA181 /* GroupsViewController.swift in Sources */ = {isa = PBXBuildFile; fileRef = D86EF68129140BB1004BA181 /* GroupsViewController.swift */; };
		D86EF68429140BF8004BA181 /* GroupViewCell.swift in Sources */ = {isa = PBXBuildFile; fileRef = D86EF68329140BF8004BA181 /* GroupViewCell.swift */; };
		D86EF68629140C7F004BA181 /* Group.swift in Sources */ = {isa = PBXBuildFile; fileRef = D86EF68529140C7F004BA181 /* Group.swift */; };
		D86EF689291413C5004BA181 /* OneFriendViewController.swift in Sources */ = {isa = PBXBuildFile; fileRef = D86EF688291413C5004BA181 /* OneFriendViewController.swift */; };
		D86EF68B291413F9004BA181 /* OneFriendViewCell.swift in Sources */ = {isa = PBXBuildFile; fileRef = D86EF68A291413F9004BA181 /* OneFriendViewCell.swift */; };
		D8A22A262922724F0028B8F5 /* FriendTableViewCell.swift in Sources */ = {isa = PBXBuildFile; fileRef = D8A22A242922724F0028B8F5 /* FriendTableViewCell.swift */; };
		D8A22A272922724F0028B8F5 /* FriendTableViewCell.xib in Resources */ = {isa = PBXBuildFile; fileRef = D8A22A252922724F0028B8F5 /* FriendTableViewCell.xib */; };
		D8BF9CD528F7586600C3A333 /* AppDelegate.swift in Sources */ = {isa = PBXBuildFile; fileRef = D8BF9CD428F7586600C3A333 /* AppDelegate.swift */; };
		D8BF9CD728F7586600C3A333 /* SceneDelegate.swift in Sources */ = {isa = PBXBuildFile; fileRef = D8BF9CD628F7586600C3A333 /* SceneDelegate.swift */; };
		D8BF9CDC28F7586600C3A333 /* Main.storyboard in Resources */ = {isa = PBXBuildFile; fileRef = D8BF9CDA28F7586600C3A333 /* Main.storyboard */; };
		D8BF9CDE28F7586700C3A333 /* Assets.xcassets in Resources */ = {isa = PBXBuildFile; fileRef = D8BF9CDD28F7586700C3A333 /* Assets.xcassets */; };
		D8BF9CE128F7586700C3A333 /* LaunchScreen.storyboard in Resources */ = {isa = PBXBuildFile; fileRef = D8BF9CDF28F7586700C3A333 /* LaunchScreen.storyboard */; };
		D8D2CDCA291EF79600D76BAE /* avatar.jpg in Resources */ = {isa = PBXBuildFile; fileRef = D8D2CDC9291EF79600D76BAE /* avatar.jpg */; };
/* End PBXBuildFile section */

/* Begin PBXFileReference section */
		D801704428F7663B0086E56A /* LoginViewController.swift */ = {isa = PBXFileReference; lastKnownFileType = sourcecode.swift; path = LoginViewController.swift; sourceTree = "<group>"; };
		D81696962919488300641297 /* AvatarControl.swift */ = {isa = PBXFileReference; lastKnownFileType = sourcecode.swift; path = AvatarControl.swift; sourceTree = "<group>"; };
		D81E6D6A291057C2004FA0C0 /* logo.png */ = {isa = PBXFileReference; lastKnownFileType = image.png; name = logo.png; path = "../../../icons8-vk-com-color/logo.png"; sourceTree = "<group>"; };
		D82B426E291F9AFF007F99D3 /* LikeControl.swift */ = {isa = PBXFileReference; lastKnownFileType = sourcecode.swift; path = LikeControl.swift; sourceTree = "<group>"; };
		D84626882936B1260060AAA2 /* NewsTableViewCell.swift */ = {isa = PBXFileReference; lastKnownFileType = sourcecode.swift; path = NewsTableViewCell.swift; sourceTree = "<group>"; };
		D84626892936B1260060AAA2 /* NewsTableViewCell.xib */ = {isa = PBXFileReference; lastKnownFileType = file.xib; path = NewsTableViewCell.xib; sourceTree = "<group>"; };
		D84626922936B8E50060AAA2 /* News.swift */ = {isa = PBXFileReference; lastKnownFileType = sourcecode.swift; path = News.swift; sourceTree = "<group>"; };
		D86599AF29377252003FFC2E /* NewsViewController.swift */ = {isa = PBXFileReference; lastKnownFileType = sourcecode.swift; path = NewsViewController.swift; sourceTree = "<group>"; };
		D86EF6792913EFA8004BA181 /* FriendsViewController.swift */ = {isa = PBXFileReference; lastKnownFileType = sourcecode.swift; path = FriendsViewController.swift; sourceTree = "<group>"; };
		D86EF67D2913F654004BA181 /* Friend.swift */ = {isa = PBXFileReference; lastKnownFileType = sourcecode.swift; path = Friend.swift; sourceTree = "<group>"; };
		D86EF68129140BB1004BA181 /* GroupsViewController.swift */ = {isa = PBXFileReference; lastKnownFileType = sourcecode.swift; path = GroupsViewController.swift; sourceTree = "<group>"; };
		D86EF68329140BF8004BA181 /* GroupViewCell.swift */ = {isa = PBXFileReference; lastKnownFileType = sourcecode.swift; path = GroupViewCell.swift; sourceTree = "<group>"; };
		D86EF68529140C7F004BA181 /* Group.swift */ = {isa = PBXFileReference; lastKnownFileType = sourcecode.swift; path = Group.swift; sourceTree = "<group>"; };
		D86EF688291413C5004BA181 /* OneFriendViewController.swift */ = {isa = PBXFileReference; lastKnownFileType = sourcecode.swift; path = OneFriendViewController.swift; sourceTree = "<group>"; };
		D86EF68A291413F9004BA181 /* OneFriendViewCell.swift */ = {isa = PBXFileReference; lastKnownFileType = sourcecode.swift; path = OneFriendViewCell.swift; sourceTree = "<group>"; };
		D8A22A242922724F0028B8F5 /* FriendTableViewCell.swift */ = {isa = PBXFileReference; lastKnownFileType = sourcecode.swift; path = FriendTableViewCell.swift; sourceTree = "<group>"; };
		D8A22A252922724F0028B8F5 /* FriendTableViewCell.xib */ = {isa = PBXFileReference; lastKnownFileType = file.xib; path = FriendTableViewCell.xib; sourceTree = "<group>"; };
		D8BF9CD128F7586600C3A333 /* interface_project.app */ = {isa = PBXFileReference; explicitFileType = wrapper.application; includeInIndex = 0; path = interface_project.app; sourceTree = BUILT_PRODUCTS_DIR; };
		D8BF9CD428F7586600C3A333 /* AppDelegate.swift */ = {isa = PBXFileReference; lastKnownFileType = sourcecode.swift; path = AppDelegate.swift; sourceTree = "<group>"; };
		D8BF9CD628F7586600C3A333 /* SceneDelegate.swift */ = {isa = PBXFileReference; lastKnownFileType = sourcecode.swift; path = SceneDelegate.swift; sourceTree = "<group>"; };
		D8BF9CDB28F7586600C3A333 /* Base */ = {isa = PBXFileReference; lastKnownFileType = file.storyboard; name = Base; path = Base.lproj/Main.storyboard; sourceTree = "<group>"; };
		D8BF9CDD28F7586700C3A333 /* Assets.xcassets */ = {isa = PBXFileReference; lastKnownFileType = folder.assetcatalog; path = Assets.xcassets; sourceTree = "<group>"; };
		D8BF9CE028F7586700C3A333 /* Base */ = {isa = PBXFileReference; lastKnownFileType = file.storyboard; name = Base; path = Base.lproj/LaunchScreen.storyboard; sourceTree = "<group>"; };
		D8BF9CE228F7586700C3A333 /* Info.plist */ = {isa = PBXFileReference; lastKnownFileType = text.plist.xml; path = Info.plist; sourceTree = "<group>"; };
		D8D2CDC9291EF79600D76BAE /* avatar.jpg */ = {isa = PBXFileReference; lastKnownFileType = image.jpeg; path = avatar.jpg; sourceTree = "<group>"; };
/* End PBXFileReference section */

/* Begin PBXFrameworksBuildPhase section */
		D8BF9CCE28F7586600C3A333 /* Frameworks */ = {
			isa = PBXFrameworksBuildPhase;
			buildActionMask = 2147483647;
			files = (
			);
			runOnlyForDeploymentPostprocessing = 0;
		};
/* End PBXFrameworksBuildPhase section */

/* Begin PBXGroup section */
		D816968C29193C2100641297 /* View */ = {
			isa = PBXGroup;
			children = (
				D846268D2936B1410060AAA2 /* News */,
				D846268C2936B12E0060AAA2 /* Friend */,
				D86EF68329140BF8004BA181 /* GroupViewCell.swift */,
				D816968E29193C7700641297 /* avatar */,
			);
			path = View;
			sourceTree = "<group>";
		};
		D816968D29193C2A00641297 /* Controller */ = {
			isa = PBXGroup;
			children = (
				D84626912936B8D50060AAA2 /* news */,
				D86EF68029140B13004BA181 /* groups */,
				D86EF67F29140AFC004BA181 /* friends */,
				D86EF688291413C5004BA181 /* OneFriendViewController.swift */,
				D86EF68A291413F9004BA181 /* OneFriendViewCell.swift */,
			);
			path = Controller;
			sourceTree = "<group>";
		};
		D816968E29193C7700641297 /* avatar */ = {
			isa = PBXGroup;
			children = (
				D81696962919488300641297 /* AvatarControl.swift */,
			);
			path = avatar;
			sourceTree = "<group>";
		};
		D81E6D68291057A5004FA0C0 /* assets */ = {
			isa = PBXGroup;
			children = (
				D84626902936B8650060AAA2 /* news */,
				D8D2CDC9291EF79600D76BAE /* avatar.jpg */,
				D81E6D6A291057C2004FA0C0 /* logo.png */,
			);
			path = assets;
			sourceTree = "<group>";
		};
		D846268C2936B12E0060AAA2 /* Friend */ = {
			isa = PBXGroup;
			children = (
				D8A22A242922724F0028B8F5 /* FriendTableViewCell.swift */,
				D8A22A252922724F0028B8F5 /* FriendTableViewCell.xib */,
			);
			path = Friend;
			sourceTree = "<group>";
		};
		D846268D2936B1410060AAA2 /* News */ = {
			isa = PBXGroup;
			children = (
				D84626882936B1260060AAA2 /* NewsTableViewCell.swift */,
				D84626892936B1260060AAA2 /* NewsTableViewCell.xib */,
			);
			path = News;
			sourceTree = "<group>";
		};
		D84626902936B8650060AAA2 /* news */ = {
			isa = PBXGroup;
			children = (
			);
			path = news;
			sourceTree = "<group>";
		};
		D84626912936B8D50060AAA2 /* news */ = {
			isa = PBXGroup;
			children = (
				D84626922936B8E50060AAA2 /* News.swift */,
				D86599AF29377252003FFC2E /* NewsViewController.swift */,
			);
			path = news;
			sourceTree = "<group>";
		};
		D86EF67F29140AFC004BA181 /* friends */ = {
			isa = PBXGroup;
			children = (
				D86EF67D2913F654004BA181 /* Friend.swift */,
				D86EF6792913EFA8004BA181 /* FriendsViewController.swift */,
			);
			path = friends;
			sourceTree = "<group>";
		};
		D86EF68029140B13004BA181 /* groups */ = {
			isa = PBXGroup;
			children = (
				D86EF68129140BB1004BA181 /* GroupsViewController.swift */,
				D86EF68529140C7F004BA181 /* Group.swift */,
			);
			path = groups;
			sourceTree = "<group>";
		};
		D8BF9CC828F7586600C3A333 = {
			isa = PBXGroup;
			children = (
				D82B426E291F9AFF007F99D3 /* LikeControl.swift */,
				D8BF9CD328F7586600C3A333 /* interface_project */,
				D8BF9CD228F7586600C3A333 /* Products */,
			);
			sourceTree = "<group>";
		};
		D8BF9CD228F7586600C3A333 /* Products */ = {
			isa = PBXGroup;
			children = (
				D8BF9CD128F7586600C3A333 /* interface_project.app */,
			);
			name = Products;
			sourceTree = "<group>";
		};
		D8BF9CD328F7586600C3A333 /* interface_project */ = {
			isa = PBXGroup;
			children = (
				D816968D29193C2A00641297 /* Controller */,
				D816968C29193C2100641297 /* View */,
				D81E6D68291057A5004FA0C0 /* assets */,
				D8BF9CD428F7586600C3A333 /* AppDelegate.swift */,
				D8BF9CD628F7586600C3A333 /* SceneDelegate.swift */,
				D8BF9CDA28F7586600C3A333 /* Main.storyboard */,
				D801704428F7663B0086E56A /* LoginViewController.swift */,
				D8BF9CDD28F7586700C3A333 /* Assets.xcassets */,
				D8BF9CDF28F7586700C3A333 /* LaunchScreen.storyboard */,
				D8BF9CE228F7586700C3A333 /* Info.plist */,
			);
			path = interface_project;
			sourceTree = "<group>";
		};
/* End PBXGroup section */

/* Begin PBXNativeTarget section */
		D8BF9CD028F7586600C3A333 /* interface_project */ = {
			isa = PBXNativeTarget;
			buildConfigurationList = D8BF9CE528F7586700C3A333 /* Build configuration list for PBXNativeTarget "interface_project" */;
			buildPhases = (
				D8BF9CCD28F7586600C3A333 /* Sources */,
				D8BF9CCE28F7586600C3A333 /* Frameworks */,
				D8BF9CCF28F7586600C3A333 /* Resources */,
			);
			buildRules = (
			);
			dependencies = (
			);
			name = interface_project;
			productName = interface_project;
			productReference = D8BF9CD128F7586600C3A333 /* interface_project.app */;
			productType = "com.apple.product-type.application";
		};
/* End PBXNativeTarget section */

/* Begin PBXProject section */
		D8BF9CC928F7586600C3A333 /* Project object */ = {
			isa = PBXProject;
			attributes = {
				BuildIndependentTargetsInParallel = 1;
				LastSwiftUpdateCheck = 1340;
				LastUpgradeCheck = 1340;
				TargetAttributes = {
					D8BF9CD028F7586600C3A333 = {
						CreatedOnToolsVersion = 13.4.1;
					};
				};
			};
			buildConfigurationList = D8BF9CCC28F7586600C3A333 /* Build configuration list for PBXProject "interface_project" */;
			compatibilityVersion = "Xcode 13.0";
			developmentRegion = en;
			hasScannedForEncodings = 0;
			knownRegions = (
				en,
				Base,
			);
			mainGroup = D8BF9CC828F7586600C3A333;
			productRefGroup = D8BF9CD228F7586600C3A333 /* Products */;
			projectDirPath = "";
			projectRoot = "";
			targets = (
				D8BF9CD028F7586600C3A333 /* interface_project */,
			);
		};
/* End PBXProject section */

/* Begin PBXResourcesBuildPhase section */
		D8BF9CCF28F7586600C3A333 /* Resources */ = {
			isa = PBXResourcesBuildPhase;
			buildActionMask = 2147483647;
			files = (
				D81E6D6B291057C2004FA0C0 /* logo.png in Resources */,
				D8A22A272922724F0028B8F5 /* FriendTableViewCell.xib in Resources */,
				D8D2CDCA291EF79600D76BAE /* avatar.jpg in Resources */,
				D846268B2936B1260060AAA2 /* NewsTableViewCell.xib in Resources */,
				D8BF9CE128F7586700C3A333 /* LaunchScreen.storyboard in Resources */,
				D8BF9CDE28F7586700C3A333 /* Assets.xcassets in Resources */,
				D8BF9CDC28F7586600C3A333 /* Main.storyboard in Resources */,
			);
			runOnlyForDeploymentPostprocessing = 0;
		};
/* End PBXResourcesBuildPhase section */

/* Begin PBXSourcesBuildPhase section */
		D8BF9CCD28F7586600C3A333 /* Sources */ = {
			isa = PBXSourcesBuildPhase;
			buildActionMask = 2147483647;
			files = (
				D86EF68629140C7F004BA181 /* Group.swift in Sources */,
				D86EF68229140BB1004BA181 /* GroupsViewController.swift in Sources */,
				D86EF67A2913EFA8004BA181 /* FriendsViewController.swift in Sources */,
				D84626932936B8E50060AAA2 /* News.swift in Sources */,
				D86EF67E2913F654004BA181 /* Friend.swift in Sources */,
				D801704528F7663B0086E56A /* LoginViewController.swift in Sources */,
				D8BF9CD528F7586600C3A333 /* AppDelegate.swift in Sources */,
				D8BF9CD728F7586600C3A333 /* SceneDelegate.swift in Sources */,
				D86EF68429140BF8004BA181 /* GroupViewCell.swift in Sources */,
				D846268A2936B1260060AAA2 /* NewsTableViewCell.swift in Sources */,
				D86EF68B291413F9004BA181 /* OneFriendViewCell.swift in Sources */,
				D82B426F291F9AFF007F99D3 /* LikeControl.swift in Sources */,
				D81696972919488300641297 /* AvatarControl.swift in Sources */,
				D86EF689291413C5004BA181 /* OneFriendViewController.swift in Sources */,
				D8A22A262922724F0028B8F5 /* FriendTableViewCell.swift in Sources */,
				D86599B029377252003FFC2E /* NewsViewController.swift in Sources */,
			);
			runOnlyForDeploymentPostprocessing = 0;
		};
/* End PBXSourcesBuildPhase section */

/* Begin PBXVariantGroup section */
		D8BF9CDA28F7586600C3A333 /* Main.storyboard */ = {
			isa = PBXVariantGroup;
			children = (
				D8BF9CDB28F7586600C3A333 /* Base */,
			);
			name = Main.storyboard;
			sourceTree = "<group>";
		};
		D8BF9CDF28F7586700C3A333 /* LaunchScreen.storyboard */ = {
			isa = PBXVariantGroup;
			children = (
				D8BF9CE028F7586700C3A333 /* Base */,
			);
			name = LaunchScreen.storyboard;
			sourceTree = "<group>";
		};
/* End PBXVariantGroup section */

/* Begin XCBuildConfiguration section */
		D8BF9CE328F7586700C3A333 /* Debug */ = {
			isa = XCBuildConfiguration;
			buildSettings = {
				ALWAYS_SEARCH_USER_PATHS = NO;
				CLANG_ANALYZER_NONNULL = YES;
				CLANG_ANALYZER_NUMBER_OBJECT_CONVERSION = YES_AGGRESSIVE;
				CLANG_CXX_LANGUAGE_STANDARD = "gnu++17";
				CLANG_ENABLE_MODULES = YES;
				CLANG_ENABLE_OBJC_ARC = YES;
				CLANG_ENABLE_OBJC_WEAK = YES;
				CLANG_WARN_BLOCK_CAPTURE_AUTORELEASING = YES;
				CLANG_WARN_BOOL_CONVERSION = YES;
				CLANG_WARN_COMMA = YES;
				CLANG_WARN_CONSTANT_CONVERSION = YES;
				CLANG_WARN_DEPRECATED_OBJC_IMPLEMENTATIONS = YES;
				CLANG_WARN_DIRECT_OBJC_ISA_USAGE = YES_ERROR;
				CLANG_WARN_DOCUMENTATION_COMMENTS = YES;
				CLANG_WARN_EMPTY_BODY = YES;
				CLANG_WARN_ENUM_CONVERSION = YES;
				CLANG_WARN_INFINITE_RECURSION = YES;
				CLANG_WARN_INT_CONVERSION = YES;
				CLANG_WARN_NON_LITERAL_NULL_CONVERSION = YES;
				CLANG_WARN_OBJC_IMPLICIT_RETAIN_SELF = YES;
				CLANG_WARN_OBJC_LITERAL_CONVERSION = YES;
				CLANG_WARN_OBJC_ROOT_CLASS = YES_ERROR;
				CLANG_WARN_QUOTED_INCLUDE_IN_FRAMEWORK_HEADER = YES;
				CLANG_WARN_RANGE_LOOP_ANALYSIS = YES;
				CLANG_WARN_STRICT_PROTOTYPES = YES;
				CLANG_WARN_SUSPICIOUS_MOVE = YES;
				CLANG_WARN_UNGUARDED_AVAILABILITY = YES_AGGRESSIVE;
				CLANG_WARN_UNREACHABLE_CODE = YES;
				CLANG_WARN__DUPLICATE_METHOD_MATCH = YES;
				COPY_PHASE_STRIP = NO;
				DEBUG_INFORMATION_FORMAT = dwarf;
				ENABLE_STRICT_OBJC_MSGSEND = YES;
				ENABLE_TESTABILITY = YES;
				GCC_C_LANGUAGE_STANDARD = gnu11;
				GCC_DYNAMIC_NO_PIC = NO;
				GCC_NO_COMMON_BLOCKS = YES;
				GCC_OPTIMIZATION_LEVEL = 0;
				GCC_PREPROCESSOR_DEFINITIONS = (
					"DEBUG=1",
					"$(inherited)",
				);
				GCC_WARN_64_TO_32_BIT_CONVERSION = YES;
				GCC_WARN_ABOUT_RETURN_TYPE = YES_ERROR;
				GCC_WARN_UNDECLARED_SELECTOR = YES;
				GCC_WARN_UNINITIALIZED_AUTOS = YES_AGGRESSIVE;
				GCC_WARN_UNUSED_FUNCTION = YES;
				GCC_WARN_UNUSED_VARIABLE = YES;
				IPHONEOS_DEPLOYMENT_TARGET = 15.5;
				MTL_ENABLE_DEBUG_INFO = INCLUDE_SOURCE;
				MTL_FAST_MATH = YES;
				ONLY_ACTIVE_ARCH = YES;
				SDKROOT = iphoneos;
				SWIFT_ACTIVE_COMPILATION_CONDITIONS = DEBUG;
				SWIFT_OPTIMIZATION_LEVEL = "-Onone";
			};
			name = Debug;
		};
		D8BF9CE428F7586700C3A333 /* Release */ = {
			isa = XCBuildConfiguration;
			buildSettings = {
				ALWAYS_SEARCH_USER_PATHS = NO;
				CLANG_ANALYZER_NONNULL = YES;
				CLANG_ANALYZER_NUMBER_OBJECT_CONVERSION = YES_AGGRESSIVE;
				CLANG_CXX_LANGUAGE_STANDARD = "gnu++17";
				CLANG_ENABLE_MODULES = YES;
				CLANG_ENABLE_OBJC_ARC = YES;
				CLANG_ENABLE_OBJC_WEAK = YES;
				CLANG_WARN_BLOCK_CAPTURE_AUTORELEASING = YES;
				CLANG_WARN_BOOL_CONVERSION = YES;
				CLANG_WARN_COMMA = YES;
				CLANG_WARN_CONSTANT_CONVERSION = YES;
				CLANG_WARN_DEPRECATED_OBJC_IMPLEMENTATIONS = YES;
				CLANG_WARN_DIRECT_OBJC_ISA_USAGE = YES_ERROR;
				CLANG_WARN_DOCUMENTATION_COMMENTS = YES;
				CLANG_WARN_EMPTY_BODY = YES;
				CLANG_WARN_ENUM_CONVERSION = YES;
				CLANG_WARN_INFINITE_RECURSION = YES;
				CLANG_WARN_INT_CONVERSION = YES;
				CLANG_WARN_NON_LITERAL_NULL_CONVERSION = YES;
				CLANG_WARN_OBJC_IMPLICIT_RETAIN_SELF = YES;
				CLANG_WARN_OBJC_LITERAL_CONVERSION = YES;
				CLANG_WARN_OBJC_ROOT_CLASS = YES_ERROR;
				CLANG_WARN_QUOTED_INCLUDE_IN_FRAMEWORK_HEADER = YES;
				CLANG_WARN_RANGE_LOOP_ANALYSIS = YES;
				CLANG_WARN_STRICT_PROTOTYPES = YES;
				CLANG_WARN_SUSPICIOUS_MOVE = YES;
				CLANG_WARN_UNGUARDED_AVAILABILITY = YES_AGGRESSIVE;
				CLANG_WARN_UNREACHABLE_CODE = YES;
				CLANG_WARN__DUPLICATE_METHOD_MATCH = YES;
				COPY_PHASE_STRIP = NO;
				DEBUG_INFORMATION_FORMAT = "dwarf-with-dsym";
				ENABLE_NS_ASSERTIONS = NO;
				ENABLE_STRICT_OBJC_MSGSEND = YES;
				GCC_C_LANGUAGE_STANDARD = gnu11;
				GCC_NO_COMMON_BLOCKS = YES;
				GCC_WARN_64_TO_32_BIT_CONVERSION = YES;
				GCC_WARN_ABOUT_RETURN_TYPE = YES_ERROR;
				GCC_WARN_UNDECLARED_SELECTOR = YES;
				GCC_WARN_UNINITIALIZED_AUTOS = YES_AGGRESSIVE;
				GCC_WARN_UNUSED_FUNCTION = YES;
				GCC_WARN_UNUSED_VARIABLE = YES;
				IPHONEOS_DEPLOYMENT_TARGET = 15.5;
				MTL_ENABLE_DEBUG_INFO = NO;
				MTL_FAST_MATH = YES;
				SDKROOT = iphoneos;
				SWIFT_COMPILATION_MODE = wholemodule;
				SWIFT_OPTIMIZATION_LEVEL = "-O";
				VALIDATE_PRODUCT = YES;
			};
			name = Release;
		};
		D8BF9CE628F7586700C3A333 /* Debug */ = {
			isa = XCBuildConfiguration;
			buildSettings = {
				ASSETCATALOG_COMPILER_APPICON_NAME = AppIcon;
				ASSETCATALOG_COMPILER_GLOBAL_ACCENT_COLOR_NAME = AccentColor;
				CODE_SIGN_STYLE = Automatic;
				CURRENT_PROJECT_VERSION = 1;
				DEVELOPMENT_TEAM = AZR3QGQ6PA;
				GENERATE_INFOPLIST_FILE = YES;
				INFOPLIST_FILE = interface_project/Info.plist;
				INFOPLIST_KEY_UIApplicationSupportsIndirectInputEvents = YES;
				INFOPLIST_KEY_UILaunchStoryboardName = LaunchScreen;
				INFOPLIST_KEY_UIMainStoryboardFile = Main;
				INFOPLIST_KEY_UISupportedInterfaceOrientations = UIInterfaceOrientationPortrait;
				INFOPLIST_KEY_UISupportedInterfaceOrientations_iPad = "UIInterfaceOrientationPortrait UIInterfaceOrientationPortraitUpsideDown UIInterfaceOrientationLandscapeLeft UIInterfaceOrientationLandscapeRight";
				INFOPLIST_KEY_UISupportedInterfaceOrientations_iPhone = "UIInterfaceOrientationPortrait UIInterfaceOrientationLandscapeLeft UIInterfaceOrientationLandscapeRight";
				LD_RUNPATH_SEARCH_PATHS = (
					"$(inherited)",
					"@executable_path/Frameworks",
				);
				MARKETING_VERSION = 1.0;
				PRODUCT_BUNDLE_IDENTIFIER = "ru.interface-project";
				PRODUCT_NAME = "$(TARGET_NAME)";
				SWIFT_EMIT_LOC_STRINGS = YES;
				SWIFT_VERSION = 5.0;
				TARGETED_DEVICE_FAMILY = "1,2";
			};
			name = Debug;
		};
		D8BF9CE728F7586700C3A333 /* Release */ = {
			isa = XCBuildConfiguration;
			buildSettings = {
				ASSETCATALOG_COMPILER_APPICON_NAME = AppIcon;
				ASSETCATALOG_COMPILER_GLOBAL_ACCENT_COLOR_NAME = AccentColor;
				CODE_SIGN_STYLE = Automatic;
				CURRENT_PROJECT_VERSION = 1;
				DEVELOPMENT_TEAM = AZR3QGQ6PA;
				GENERATE_INFOPLIST_FILE = YES;
				INFOPLIST_FILE = interface_project/Info.plist;
				INFOPLIST_KEY_UIApplicationSupportsIndirectInputEvents = YES;
				INFOPLIST_KEY_UILaunchStoryboardName = LaunchScreen;
				INFOPLIST_KEY_UIMainStoryboardFile = Main;
				INFOPLIST_KEY_UISupportedInterfaceOrientations = UIInterfaceOrientationPortrait;
				INFOPLIST_KEY_UISupportedInterfaceOrientations_iPad = "UIInterfaceOrientationPortrait UIInterfaceOrientationPortraitUpsideDown UIInterfaceOrientationLandscapeLeft UIInterfaceOrientationLandscapeRight";
				INFOPLIST_KEY_UISupportedInterfaceOrientations_iPhone = "UIInterfaceOrientationPortrait UIInterfaceOrientationLandscapeLeft UIInterfaceOrientationLandscapeRight";
				LD_RUNPATH_SEARCH_PATHS = (
					"$(inherited)",
					"@executable_path/Frameworks",
				);
				MARKETING_VERSION = 1.0;
				PRODUCT_BUNDLE_IDENTIFIER = "ru.interface-project";
				PRODUCT_NAME = "$(TARGET_NAME)";
				SWIFT_EMIT_LOC_STRINGS = YES;
				SWIFT_VERSION = 5.0;
				TARGETED_DEVICE_FAMILY = "1,2";
			};
			name = Release;
		};
/* End XCBuildConfiguration section */

/* Begin XCConfigurationList section */
		D8BF9CCC28F7586600C3A333 /* Build configuration list for PBXProject "interface_project" */ = {
			isa = XCConfigurationList;
			buildConfigurations = (
				D8BF9CE328F7586700C3A333 /* Debug */,
				D8BF9CE428F7586700C3A333 /* Release */,
			);
			defaultConfigurationIsVisible = 0;
			defaultConfigurationName = Release;
		};
		D8BF9CE528F7586700C3A333 /* Build configuration list for PBXNativeTarget "interface_project" */ = {
			isa = XCConfigurationList;
			buildConfigurations = (
				D8BF9CE628F7586700C3A333 /* Debug */,
				D8BF9CE728F7586700C3A333 /* Release */,
			);
			defaultConfigurationIsVisible = 0;
			defaultConfigurationName = Release;
		};
/* End XCConfigurationList section */
	};
	rootObject = D8BF9CC928F7586600C3A333 /* Project object */;
}
